Microsoft Visual Studio Solution File, Format Version 9.00
# Visual Studio 2005
Project("{FAE04EC0-301F-11D3-BF4B-00C04F79EFBC}") = "FileSystem", "FileSystem.csproj", "{F234D943-EC6C-41A4-8391-CFE1D63E3D28}"
EndProject
Global
	GlobalSection(SolutionConfigurationPlatforms) = preSolution
		Debug|Any CPU = Debug|Any CPU
		Release|Any CPU = Release|Any CPU
	EndGlobalSection
	GlobalSection(ProjectConfigurationPlatforms) = postSolution
		{F234D943-EC6C-41A4-8391-CFE1D63E3D28}.Debug|Any CPU.ActiveCfg = Debug|Any CPU
		{F234D943-EC6C-41A4-8391-CFE1D63E3D28}.Debug|Any CPU.Build.0 = Debug|Any CPU
		{F234D943-EC6C-41A4-8391-CFE1D63E3D28}.Release|Any CPU.ActiveCfg = Release|Any CPU
		{F234D943-EC6C-41A4-8391-CFE1D63E3D28}.Release|Any CPU.Build.0 = Release|Any CPU
	EndGlobalSection
	GlobalSection(SolutionProperties) = preSolution
		HideSolutionNode = FALSE
	EndGlobalSection
EndGlobal
